
Microsoft Visual Studio Solution File, Format Version 12.00
Project("{FAE04EC0-301F-11D3-BF4B-00C04F79EFBC}") = "SUD_TextAdventure", "SUD_TextAdventure\SUD_TextAdventure.csproj", "{0886DA9F-79C8-481B-8CF1-EF3C2C32F7B7}"
EndProject
Global
	GlobalSection(SolutionConfigurationPlatforms) = preSolution
		Debug|Any CPU = Debug|Any CPU
		Release|Any CPU = Release|Any CPU
	EndGlobalSection
	GlobalSection(ProjectConfigurationPlatforms) = postSolution
		{0886DA9F-79C8-481B-8CF1-EF3C2C32F7B7}.Debug|Any CPU.ActiveCfg = Debug|Any CPU
		{0886DA9F-79C8-481B-8CF1-EF3C2C32F7B7}.Debug|Any CPU.Build.0 = Debug|Any CPU
		{0886DA9F-79C8-481B-8CF1-EF3C2C32F7B7}.Release|Any CPU.ActiveCfg = Release|Any CPU
		{0886DA9F-79C8-481B-8CF1-EF3C2C32F7B7}.Release|Any CPU.Build.0 = Release|Any CPU
	EndGlobalSection
EndGlobal
